<?xml version="1.0" encoding="UTF-8" standalone="yes" ?>
<CodeBlocks_project_file>
	<FileVersion major="1" minor="6" />
	<Project>
		<Option title="tiscript" />
		<Option platforms="Unix;" />
		<Option pch_mode="2" />
		<Option compiler="gcc" />
		<Option virtualFolders="tool/;" />
		<Build>
			<Target title="Debug">
				<Option output="bin/Debug/tiscript" prefix_auto="1" extension_auto="1" />
				<Option object_output="obj/Debug/" />
				<Option type="1" />
				<Option compiler="gcc" />
				<Compiler>
					<Add option="-g" />
				</Compiler>
			</Target>
			<Target title="Release">
				<Option output="bin/Release/tiscript" prefix_auto="1" extension_auto="1" />
				<Option object_output="obj/Release/" />
				<Option type="1" />
				<Option compiler="gcc" />
				<Option projectCompilerOptionsRelation="2" />
				<Compiler>
					<Add option="-march=pentium-mmx" />
					<Add option="-Os" />
					<Add option="-O3" />
					<Add option="-O2" />
					<Add option="-O1" />
					<Add option="-O" />
					<Add directory="tool" />
					<Add directory="include" />
					<Add directory="regexp" />
					<Add directory="dybase/inc" />
				</Compiler>
				<Linker>
					<Add option="-s" />
				</Linker>
			</Target>
		</Build>
		<Compiler>
			<Add option="-Wall" />
			<Add option="-fexceptions" />
		</Compiler>
		<Unit filename="com/cs_com.cpp" />
		<Unit filename="com/cs_eval.cpp" />
		<Unit filename="com/cs_scn.cpp" />
		<Unit filename="com/cs_wcode.cpp" />
		<Unit filename="dybase/src/btree.cpp" />
		<Unit filename="dybase/src/btree.h" />
		<Unit filename="dybase/src/buffer.h" />
		<Unit filename="dybase/src/cvt.h" />
		<Unit filename="dybase/src/database.cpp" />
		<Unit filename="dybase/src/database.h" />
		<Unit filename="dybase/src/dybase.cpp" />
		<Unit filename="dybase/src/file.cpp" />
		<Unit filename="dybase/src/file.h" />
		<Unit filename="dybase/src/hashtab.h" />
		<Unit filename="dybase/src/pagepool.cpp" />
		<Unit filename="dybase/src/pagepool.h" />
		<Unit filename="dybase/src/stdtp.h" />
		<Unit filename="dybase/src/sync.h" />
		<Unit filename="include/cs.h" />
		<Unit filename="include/cs_com.h" />
		<Unit filename="include/cs_int.h" />
		<Unit filename="include/json-aux.h" />
		<Unit filename="include/json-value.h" />
		<Unit filename="int/cs_bytevector.cpp" />
		<Unit filename="int/cs_cobject.cpp" />
		<Unit filename="int/cs_datetime.cpp" />
		<Unit filename="int/cs_debug.cpp" />
		<Unit filename="int/cs_enter.cpp" />
		<Unit filename="int/cs_env.cpp" />
		<Unit filename="int/cs_error.cpp" />
		<Unit filename="int/cs_fcn.cpp" />
		<Unit filename="int/cs_file.cpp" />
		<Unit filename="int/cs_float.cpp" />
		<Unit filename="int/cs_hash.cpp" />
		<Unit filename="int/cs_heap.cpp" />
		<Unit filename="int/cs_instanceof.cpp" />
		<Unit filename="int/cs_int.cpp" />
		<Unit filename="int/cs_integer.cpp" />
		<Unit filename="int/cs_math.cpp" />
		<Unit filename="int/cs_method.cpp" />
		<Unit filename="int/cs_object.cpp" />
		<Unit filename="int/cs_parse.cpp" />
		<Unit filename="int/cs_persistent.cpp" />
		<Unit filename="int/cs_printf.cpp" />
		<Unit filename="int/cs_rcode.cpp" />
		<Unit filename="int/cs_regexp.cpp" />
		<Unit filename="int/cs_storage.cpp" />
		<Unit filename="int/cs_stream.cpp" />
		<Unit filename="int/cs_string.cpp" />
		<Unit filename="int/cs_symbol.cpp" />
		<Unit filename="int/cs_system.cpp" />
		<Unit filename="int/cs_type.cpp" />
		<Unit filename="int/cs_vector.cpp" />
		<Unit filename="int/cs_xml_parser.cpp" />
		<Unit filename="int/json_cvt.cpp" />
		<Unit filename="int/sockio/sockio.cpp" />
		<Unit filename="int/sockio/sockio.h" />
		<Unit filename="int/sockio/unisock.h" />
		<Unit filename="main.cpp" />
		<Unit filename="regexp/memory.c">
			<Option compilerVar="CC" />
		</Unit>
		<Unit filename="regexp/regerror.c">
			<Option compilerVar="CC" />
		</Unit>
		<Unit filename="regexp/regexp.c">
			<Option compilerVar="CC" />
		</Unit>
		<Unit filename="regexp/regexp.h" />
		<Unit filename="regexp/regexp_custom.h" />
		<Unit filename="regexp/regexp_int.h" />
		<Unit filename="regexp/regmagic.h" />
		<Unit filename="regexp/regsub.c">
			<Option compilerVar="CC" />
		</Unit>
		<Unit filename="regexp/widechar.c">
			<Option compilerVar="CC" />
		</Unit>
		<Unit filename="regexp/wregexp.cpp" />
		<Unit filename="regexp/wregexp.h" />
		<Unit filename="tool/html_entities_ph.h" />
		<Unit filename="tool/snprintf.cpp">
			<Option compilerVar="CC" />
		</Unit>
		<Unit filename="tool/snprintf.h" />
		<Unit filename="tool/tl_array.h" />
		<Unit filename="tool/tl_base64.cpp" />
		<Unit filename="tool/tl_base64.h" />
		<Unit filename="tool/tl_basic.cpp" />
		<Unit filename="tool/tl_basic.h" />
		<Unit filename="tool/tl_config.h" />
		<Unit filename="tool/tl_datetime.cpp" />
		<Unit filename="tool/tl_datetime.h" />
		<Unit filename="tool/tl_dictionary.h" />
		<Unit filename="tool/tl_filesystem.h" />
		<Unit filename="tool/tl_hash.h" />
		<Unit filename="tool/tl_hash_table.h" />
		<Unit filename="tool/tl_markup.h" />
		<Unit filename="tool/tl_mm_file.h" />
		<Unit filename="tool/tl_pool.h" />
		<Unit filename="tool/tl_slice.h" />
		<Unit filename="tool/tl_string.cpp" />
		<Unit filename="tool/tl_string.h" />
		<Unit filename="tool/tl_ternary_tree.h" />
		<Unit filename="tool/tl_type_traits.h" />
		<Unit filename="tool/tl_url.cpp" />
		<Unit filename="tool/tl_url.h" />
		<Unit filename="tool/tl_ustring.cpp" />
		<Unit filename="tool/tl_ustring.h" />
		<Unit filename="tool/tl_util.cpp" />
		<Unit filename="tool/tl_value.h" />
		<Unit filename="tool/tool.h" />
		<Extensions>
			<code_completion>
				<search_path add="/home/andrew/Desktop/tiscript/include" />
				<search_path add="/home/andrew/Desktop/tiscript/dybase/inc" />
				<search_path add="/home/andrew/Desktop/tiscript/regexp" />
				<search_path add="/home/andrew/Desktop/tiscript/tool" />
			</code_completion>
		</Extensions>
	</Project>
</CodeBlocks_project_file>
